{
  "name": "sistemas",
  "version": "1.0.0",
  "lockfileVersion": 2,
  "requires": true,
  "packages": {
    "": {
      "name": "sistemas",
      "version": "1.0.0",
      "license": "ISC",
      "dependencies": {
        "modulos": "file:../módulos"
      }
    },
    "../módulos": {
      "version": "1.0.0",
      "license": "ISC"
    },
    "node_modules/modulos": {
      "resolved": "../módulos",
      "link": true
    }
  },
  "dependencies": {
    "modulos": {
      "version": "file:../módulos"
    }
  }
}
